Microsoft Visual Studio Solution File, Format Version 12.00
# Visual Studio Version 17
VisualStudioVersion = 17.5.2.0
MinimumVisualStudioVersion = 10.0.40219.1
Project("{FAE04EC0-301F-11D3-BF4B-00C04F79EFBC}") = "IllnessTracker", "IllnessTracker.csproj", "{62126AAF-5AAC-148F-726A-DF69D7E1E641}"
EndProject
Global
	GlobalSection(SolutionConfigurationPlatforms) = preSolution
		Debug|Any CPU = Debug|Any CPU
		Release|Any CPU = Release|Any CPU
	EndGlobalSection
	GlobalSection(ProjectConfigurationPlatforms) = postSolution
		{62126AAF-5AAC-148F-726A-DF69D7E1E641}.Debug|Any CPU.ActiveCfg = Debug|Any CPU
		{62126AAF-5AAC-148F-726A-DF69D7E1E641}.Debug|Any CPU.Build.0 = Debug|Any CPU
		{62126AAF-5AAC-148F-726A-DF69D7E1E641}.Release|Any CPU.ActiveCfg = Release|Any CPU
		{62126AAF-5AAC-148F-726A-DF69D7E1E641}.Release|Any CPU.Build.0 = Release|Any CPU
	EndGlobalSection
	GlobalSection(SolutionProperties) = preSolution
		HideSolutionNode = FALSE
	EndGlobalSection
	GlobalSection(ExtensibilityGlobals) = postSolution
		SolutionGuid = {8A1DF62C-223B-4E6D-BA2B-F3AEAD46133A}
	EndGlobalSection
EndGlobal
